
Microsoft Visual Studio Solution File, Format Version 12.00
# Visual Studio Version 17
VisualStudioVersion = 17.6.33829.357
MinimumVisualStudioVersion = 10.0.40219.1
Project("{FAE04EC0-301F-11D3-BF4B-00C04F79EFBC}") = "Sardor", "Sardor\Sardor.csproj", "{7381DC64-2662-4B80-AD96-90396C7628BB}"
EndProject
Global
	GlobalSection(SolutionConfigurationPlatforms) = preSolution
		Debug|Any CPU = Debug|Any CPU
		Release|Any CPU = Release|Any CPU
	EndGlobalSection
	GlobalSection(ProjectConfigurationPlatforms) = postSolution
		{7381DC64-2662-4B80-AD96-90396C7628BB}.Debug|Any CPU.ActiveCfg = Debug|Any CPU
		{7381DC64-2662-4B80-AD96-90396C7628BB}.Debug|Any CPU.Build.0 = Debug|Any CPU
		{7381DC64-2662-4B80-AD96-90396C7628BB}.Release|Any CPU.ActiveCfg = Release|Any CPU
		{7381DC64-2662-4B80-AD96-90396C7628BB}.Release|Any CPU.Build.0 = Release|Any CPU
	EndGlobalSection
	GlobalSection(SolutionProperties) = preSolution
		HideSolutionNode = FALSE
	EndGlobalSection
	GlobalSection(ExtensibilityGlobals) = postSolution
		SolutionGuid = {1F0D3D8D-D9BE-40BD-B498-87F3318BEE71}
	EndGlobalSection
EndGlobal
